
Microsoft Visual Studio Solution File, Format Version 12.00
# Visual Studio 15
VisualStudioVersion = 15.0.27004.2008
MinimumVisualStudioVersion = 10.0.40219.1
Project("{F184B08F-C81C-45F6-A57F-5ABD9991F28F}") = "excepciones", "excepciones\excepciones.vbproj", "{7CF4ADF4-932A-4C1E-9C1A-7985B2182E04}"
EndProject
Project("{F184B08F-C81C-45F6-A57F-5ABD9991F28F}") = "Clases", "Clases\Clases.vbproj", "{B9C38730-EFD9-4B77-A297-760705C391E3}"
EndProject
Global
	GlobalSection(SolutionConfigurationPlatforms) = preSolution
		Debug|Any CPU = Debug|Any CPU
		Release|Any CPU = Release|Any CPU
	EndGlobalSection
	GlobalSection(ProjectConfigurationPlatforms) = postSolution
		{7CF4ADF4-932A-4C1E-9C1A-7985B2182E04}.Debug|Any CPU.ActiveCfg = Debug|Any CPU
		{7CF4ADF4-932A-4C1E-9C1A-7985B2182E04}.Debug|Any CPU.Build.0 = Debug|Any CPU
		{7CF4ADF4-932A-4C1E-9C1A-7985B2182E04}.Release|Any CPU.ActiveCfg = Release|Any CPU
		{7CF4ADF4-932A-4C1E-9C1A-7985B2182E04}.Release|Any CPU.Build.0 = Release|Any CPU
		{B9C38730-EFD9-4B77-A297-760705C391E3}.Debug|Any CPU.ActiveCfg = Debug|Any CPU
		{B9C38730-EFD9-4B77-A297-760705C391E3}.Debug|Any CPU.Build.0 = Debug|Any CPU
		{B9C38730-EFD9-4B77-A297-760705C391E3}.Release|Any CPU.ActiveCfg = Release|Any CPU
		{B9C38730-EFD9-4B77-A297-760705C391E3}.Release|Any CPU.Build.0 = Release|Any CPU
	EndGlobalSection
	GlobalSection(SolutionProperties) = preSolution
		HideSolutionNode = FALSE
	EndGlobalSection
	GlobalSection(ExtensibilityGlobals) = postSolution
		SolutionGuid = {5707017A-D62C-435A-9F42-7B83FEDEF2ED}
	EndGlobalSection
EndGlobal
